// !$*UTF8*$!
{
	archiveVersion = 1;
	classes = {
	};
	objectVersion = 46;
	objects = {

/* Begin PBXBuildFile section */
		7D36F0A520E5DE2900B04C7F /* AboutViewController.swift in Sources */ = {isa = PBXBuildFile; fileRef = 7D36F0A420E5DE2900B04C7F /* AboutViewController.swift */; };
		7D38129E20EA0E3100EC60FA /* Media.xcassets in Resources */ = {isa = PBXBuildFile; fileRef = 7D38129D20EA0E3100EC60FA /* Media.xcassets */; };
		7D8EB52A20EB5DA900FBD852 /* BullsEye.html in Resources */ = {isa = PBXBuildFile; fileRef = 7D8EB52920EB5DA900FBD852 /* BullsEye.html */; };
		7D99AA3D20A51F3400D68639 /* AppDelegate.swift in Sources */ = {isa = PBXBuildFile; fileRef = 7D99AA3C20A51F3400D68639 /* AppDelegate.swift */; };
		7D99AA3F20A51F3400D68639 /* ViewController.swift in Sources */ = {isa = PBXBuildFile; fileRef = 7D99AA3E20A51F3400D68639 /* ViewController.swift */; };
		7D99AA4220A51F3400D68639 /* Main.storyboard in Resources */ = {isa = PBXBuildFile; fileRef = 7D99AA4020A51F3400D68639 /* Main.storyboard */; };
		7D99AA4720A51F3400D68639 /* LaunchScreen.storyboard in Resources */ = {isa = PBXBuildFile; fileRef = 7D99AA4520A51F3400D68639 /* LaunchScreen.storyboard */; };
/* End PBXBuildFile section */

/* Begin PBXFileReference section */
		7D36F0A420E5DE2900B04C7F /* AboutViewController.swift */ = {isa = PBXFileReference; fileEncoding = 4; lastKnownFileType = sourcecode.swift; path = AboutViewController.swift; sourceTree = "<group>"; };
		7D38129D20EA0E3100EC60FA /* Media.xcassets */ = {isa = PBXFileReference; lastKnownFileType = folder.assetcatalog; path = Media.xcassets; sourceTree = "<group>"; };
		7D8EB52920EB5DA900FBD852 /* BullsEye.html */ = {isa = PBXFileReference; fileEncoding = 4; lastKnownFileType = text.html; name = BullsEye.html; path = ../../../BullsEye.html; sourceTree = "<group>"; };
		7D99AA3920A51F3400D68639 /* BullEye.app */ = {isa = PBXFileReference; explicitFileType = wrapper.application; includeInIndex = 0; path = BullEye.app; sourceTree = BUILT_PRODUCTS_DIR; };
		7D99AA3C20A51F3400D68639 /* AppDelegate.swift */ = {isa = PBXFileReference; lastKnownFileType = sourcecode.swift; path = AppDelegate.swift; sourceTree = "<group>"; };
		7D99AA3E20A51F3400D68639 /* ViewController.swift */ = {isa = PBXFileReference; lastKnownFileType = sourcecode.swift; path = ViewController.swift; sourceTree = "<group>"; };
		7D99AA4120A51F3400D68639 /* Base */ = {isa = PBXFileReference; lastKnownFileType = file.storyboard; name = Base; path = Base.lproj/Main.storyboard; sourceTree = "<group>"; };
		7D99AA4620A51F3400D68639 /* Base */ = {isa = PBXFileReference; lastKnownFileType = file.storyboard; name = Base; path = Base.lproj/LaunchScreen.storyboard; sourceTree = "<group>"; };
		7D99AA4820A51F3400D68639 /* Info.plist */ = {isa = PBXFileReference; lastKnownFileType = text.plist.xml; path = Info.plist; sourceTree = "<group>"; };
/* End PBXFileReference section */

/* Begin PBXFrameworksBuildPhase section */
		7D99AA3620A51F3400D68639 /* Frameworks */ = {
			isa = PBXFrameworksBuildPhase;
			buildActionMask = 2147483647;
			files = (
			);
			runOnlyForDeploymentPostprocessing = 0;
		};
/* End PBXFrameworksBuildPhase section */

/* Begin PBXGroup section */
		7D99AA3020A51F3300D68639 = {
			isa = PBXGroup;
			children = (
				7D99AA3B20A51F3400D68639 /* BullEye */,
				7D99AA3A20A51F3400D68639 /* Products */,
			);
			sourceTree = "<group>";
		};
		7D99AA3A20A51F3400D68639 /* Products */ = {
			isa = PBXGroup;
			children = (
				7D99AA3920A51F3400D68639 /* BullEye.app */,
			);
			name = Products;
			sourceTree = "<group>";
		};
		7D99AA3B20A51F3400D68639 /* BullEye */ = {
			isa = PBXGroup;
			children = (
				7D8EB52920EB5DA900FBD852 /* BullsEye.html */,
				7D99AA3C20A51F3400D68639 /* AppDelegate.swift */,
				7D99AA3E20A51F3400D68639 /* ViewController.swift */,
				7D99AA4020A51F3400D68639 /* Main.storyboard */,
				7D99AA4520A51F3400D68639 /* LaunchScreen.storyboard */,
				7D99AA4820A51F3400D68639 /* Info.plist */,
				7D36F0A420E5DE2900B04C7F /* AboutViewController.swift */,
				7D38129D20EA0E3100EC60FA /* Media.xcassets */,
			);
			path = BullEye;
			sourceTree = "<group>";
		};
/* End PBXGroup section */

/* Begin PBXNativeTarget section */
		7D99AA3820A51F3400D68639 /* BullEye */ = {
			isa = PBXNativeTarget;
			buildConfigurationList = 7D99AA4B20A51F3400D68639 /* Build configuration list for PBXNativeTarget "BullEye" */;
			buildPhases = (
				7D99AA3520A51F3400D68639 /* Sources */,
				7D99AA3620A51F3400D68639 /* Frameworks */,
				7D99AA3720A51F3400D68639 /* Resources */,
			);
			buildRules = (
			);
			dependencies = (
			);
			name = BullEye;
			productName = BullEye;
			productReference = 7D99AA3920A51F3400D68639 /* BullEye.app */;
			productType = "com.apple.product-type.application";
		};
/* End PBXNativeTarget section */

/* Begin PBXProject section */
		7D99AA3120A51F3300D68639 /* Project object */ = {
			isa = PBXProject;
			attributes = {
				LastSwiftUpdateCheck = 0820;
				LastUpgradeCheck = 0820;
				ORGANIZATIONNAME = s20151104696;
				TargetAttributes = {
					7D99AA3820A51F3400D68639 = {
						CreatedOnToolsVersion = 8.2.1;
						ProvisioningStyle = Automatic;
					};
				};
			};
			buildConfigurationList = 7D99AA3420A51F3300D68639 /* Build configuration list for PBXProject "BullEye" */;
			compatibilityVersion = "Xcode 3.2";
			developmentRegion = English;
			hasScannedForEncodings = 0;
			knownRegions = (
				en,
				Base,
			);
			mainGroup = 7D99AA3020A51F3300D68639;
			productRefGroup = 7D99AA3A20A51F3400D68639 /* Products */;
			projectDirPath = "";
			projectRoot = "";
			targets = (
				7D99AA3820A51F3400D68639 /* BullEye */,
			);
		};
/* End PBXProject section */

/* Begin PBXResourcesBuildPhase section */
		7D99AA3720A51F3400D68639 /* Resources */ = {
			isa = PBXResourcesBuildPhase;
			buildActionMask = 2147483647;
			files = (
				7D99AA4720A51F3400D68639 /* LaunchScreen.storyboard in Resources */,
				7D8EB52A20EB5DA900FBD852 /* BullsEye.html in Resources */,
				7D38129E20EA0E3100EC60FA /* Media.xcassets in Resources */,
				7D99AA4220A51F3400D68639 /* Main.storyboard in Resources */,
			);
			runOnlyForDeploymentPostprocessing = 0;
		};
/* End PBXResourcesBuildPhase section */

/* Begin PBXSourcesBuildPhase section */
		7D99AA3520A51F3400D68639 /* Sources */ = {
			isa = PBXSourcesBuildPhase;
			buildActionMask = 2147483647;
			files = (
				7D36F0A520E5DE2900B04C7F /* AboutViewController.swift in Sources */,
				7D99AA3F20A51F3400D68639 /* ViewController.swift in Sources */,
				7D99AA3D20A51F3400D68639 /* AppDelegate.swift in Sources */,
			);
			runOnlyForDeploymentPostprocessing = 0;
		};
/* End PBXSourcesBuildPhase section */

/* Begin PBXVariantGroup section */
		7D99AA4020A51F3400D68639 /* Main.storyboard */ = {
			isa = PBXVariantGroup;
			children = (
				7D99AA4120A51F3400D68639 /* Base */,
			);
			name = Main.storyboard;
			sourceTree = "<group>";
		};
		7D99AA4520A51F3400D68639 /* LaunchScreen.storyboard */ = {
			isa = PBXVariantGroup;
			children = (
				7D99AA4620A51F3400D68639 /* Base */,
			);
			name = LaunchScreen.storyboard;
			sourceTree = "<group>";
		};
/* End PBXVariantGroup section */

/* Begin XCBuildConfiguration section */
		7D99AA4920A51F3400D68639 /* Debug */ = {
			isa = XCBuildConfiguration;
			buildSettings = {
				ALWAYS_SEARCH_USER_PATHS = NO;
				CLANG_ANALYZER_NONNULL = YES;
				CLANG_CXX_LANGUAGE_STANDARD = "gnu++0x";
				CLANG_CXX_LIBRARY = "libc++";
				CLANG_ENABLE_MODULES = YES;
				CLANG_ENABLE_OBJC_ARC = YES;
				CLANG_WARN_BOOL_CONVERSION = YES;
				CLANG_WARN_CONSTANT_CONVERSION = YES;
				CLANG_WARN_DIRECT_OBJC_ISA_USAGE = YES_ERROR;
				CLANG_WARN_DOCUMENTATION_COMMENTS = YES;
				CLANG_WARN_EMPTY_BODY = YES;
				CLANG_WARN_ENUM_CONVERSION = YES;
				CLANG_WARN_INFINITE_RECURSION = YES;
				CLANG_WARN_INT_CONVERSION = YES;
				CLANG_WARN_OBJC_ROOT_CLASS = YES_ERROR;
				CLANG_WARN_SUSPICIOUS_MOVE = YES;
				CLANG_WARN_UNREACHABLE_CODE = YES;
				CLANG_WARN__DUPLICATE_METHOD_MATCH = YES;
				"CODE_SIGN_IDENTITY[sdk=iphoneos*]" = "iPhone Developer";
				COPY_PHASE_STRIP = NO;
				DEBUG_INFORMATION_FORMAT = dwarf;
				ENABLE_STRICT_OBJC_MSGSEND = YES;
				ENABLE_TESTABILITY = YES;
				GCC_C_LANGUAGE_STANDARD = gnu99;
				GCC_DYNAMIC_NO_PIC = NO;
				GCC_NO_COMMON_BLOCKS = YES;
				GCC_OPTIMIZATION_LEVEL = 0;
				GCC_PREPROCESSOR_DEFINITIONS = (
					"DEBUG=1",
					"$(inherited)",
				);
				GCC_WARN_64_TO_32_BIT_CONVERSION = YES;
				GCC_WARN_ABOUT_RETURN_TYPE = YES_ERROR;
				GCC_WARN_UNDECLARED_SELECTOR = YES;
				GCC_WARN_UNINITIALIZED_AUTOS = YES_AGGRESSIVE;
				GCC_WARN_UNUSED_FUNCTION = YES;
				GCC_WARN_UNUSED_VARIABLE = YES;
				IPHONEOS_DEPLOYMENT_TARGET = 10.2;
				MTL_ENABLE_DEBUG_INFO = YES;
				ONLY_ACTIVE_ARCH = YES;
				SDKROOT = iphoneos;
				SWIFT_ACTIVE_COMPILATION_CONDITIONS = DEBUG;
				SWIFT_OPTIMIZATION_LEVEL = "-Onone";
				TARGETED_DEVICE_FAMILY = "1,2";
			};
			name = Debug;
		};
		7D99AA4A20A51F3400D68639 /* Release */ = {
			isa = XCBuildConfiguration;
			buildSettings = {
				ALWAYS_SEARCH_USER_PATHS = NO;
				CLANG_ANALYZER_NONNULL = YES;
				CLANG_CXX_LANGUAGE_STANDARD = "gnu++0x";
				CLANG_CXX_LIBRARY = "libc++";
				CLANG_ENABLE_MODULES = YES;
				CLANG_ENABLE_OBJC_ARC = YES;
				CLANG_WARN_BOOL_CONVERSION = YES;
				CLANG_WARN_CONSTANT_CONVERSION = YES;
				CLANG_WARN_DIRECT_OBJC_ISA_USAGE = YES_ERROR;
				CLANG_WARN_DOCUMENTATION_COMMENTS = YES;
				CLANG_WARN_EMPTY_BODY = YES;
				CLANG_WARN_ENUM_CONVERSION = YES;
				CLANG_WARN_INFINITE_RECURSION = YES;
				CLANG_WARN_INT_CONVERSION = YES;
				CLANG_WARN_OBJC_ROOT_CLASS = YES_ERROR;
				CLANG_WARN_SUSPICIOUS_MOVE = YES;
				CLANG_WARN_UNREACHABLE_CODE = YES;
				CLANG_WARN__DUPLICATE_METHOD_MATCH = YES;
				"CODE_SIGN_IDENTITY[sdk=iphoneos*]" = "iPhone Developer";
				COPY_PHASE_STRIP = NO;
				DEBUG_INFORMATION_FORMAT = "dwarf-with-dsym";
				ENABLE_NS_ASSERTIONS = NO;
				ENABLE_STRICT_OBJC_MSGSEND = YES;
				GCC_C_LANGUAGE_STANDARD = gnu99;
				GCC_NO_COMMON_BLOCKS = YES;
				GCC_WARN_64_TO_32_BIT_CONVERSION = YES;
				GCC_WARN_ABOUT_RETURN_TYPE = YES_ERROR;
				GCC_WARN_UNDECLARED_SELECTOR = YES;
				GCC_WARN_UNINITIALIZED_AUTOS = YES_AGGRESSIVE;
				GCC_WARN_UNUSED_FUNCTION = YES;
				GCC_WARN_UNUSED_VARIABLE = YES;
				IPHONEOS_DEPLOYMENT_TARGET = 10.2;
				MTL_ENABLE_DEBUG_INFO = NO;
				SDKROOT = iphoneos;
				SWIFT_OPTIMIZATION_LEVEL = "-Owholemodule";
				TARGETED_DEVICE_FAMILY = "1,2";
				VALIDATE_PRODUCT = YES;
			};
			name = Release;
		};
		7D99AA4C20A51F3400D68639 /* Debug */ = {
			isa = XCBuildConfiguration;
			buildSettings = {
				INFOPLIST_FILE = BullEye/Info.plist;
				LD_RUNPATH_SEARCH_PATHS = "$(inherited) @executable_path/Frameworks";
				PRODUCT_BUNDLE_IDENTIFIER = imnu.edu.cn.BullEye;
				PRODUCT_NAME = "$(TARGET_NAME)";
				SWIFT_VERSION = 3.0;
			};
			name = Debug;
		};
		7D99AA4D20A51F3400D68639 /* Release */ = {
			isa = XCBuildConfiguration;
			buildSettings = {
				INFOPLIST_FILE = BullEye/Info.plist;
				LD_RUNPATH_SEARCH_PATHS = "$(inherited) @executable_path/Frameworks";
				PRODUCT_BUNDLE_IDENTIFIER = imnu.edu.cn.BullEye;
				PRODUCT_NAME = "$(TARGET_NAME)";
				SWIFT_VERSION = 3.0;
			};
			name = Release;
		};
/* End XCBuildConfiguration section */

/* Begin XCConfigurationList section */
		7D99AA3420A51F3300D68639 /* Build configuration list for PBXProject "BullEye" */ = {
			isa = XCConfigurationList;
			buildConfigurations = (
				7D99AA4920A51F3400D68639 /* Debug */,
				7D99AA4A20A51F3400D68639 /* Release */,
			);
			defaultConfigurationIsVisible = 0;
			defaultConfigurationName = Release;
		};
		7D99AA4B20A51F3400D68639 /* Build configuration list for PBXNativeTarget "BullEye" */ = {
			isa = XCConfigurationList;
			buildConfigurations = (
				7D99AA4C20A51F3400D68639 /* Debug */,
				7D99AA4D20A51F3400D68639 /* Release */,
			);
			defaultConfigurationIsVisible = 0;
			defaultConfigurationName = Release;
		};
/* End XCConfigurationList section */
	};
	rootObject = 7D99AA3120A51F3300D68639 /* Project object */;
}
